
Microsoft Visual Studio Solution File, Format Version 12.00
# Visual Studio 15
VisualStudioVersion = 15.0.27428.2037
MinimumVisualStudioVersion = 10.0.40219.1
Project("{FAE04EC0-301F-11D3-BF4B-00C04F79EFBC}") = "WCFtehtava1", "WCFtehtava1\WCFtehtava1.csproj", "{EEFC1D6A-4FCB-455F-8040-7DF3641A0044}"
EndProject
Project("{FAE04EC0-301F-11D3-BF4B-00C04F79EFBC}") = "WCFServiceReference", "WCFServiceReference\WCFServiceReference.csproj", "{D01DCC0C-C9CC-4898-BEE4-CC826ED26D82}"
	ProjectSection(ProjectDependencies) = postProject
		{EEFC1D6A-4FCB-455F-8040-7DF3641A0044} = {EEFC1D6A-4FCB-455F-8040-7DF3641A0044}
	EndProjectSection
EndProject
Global
	GlobalSection(SolutionConfigurationPlatforms) = preSolution
		Debug|Any CPU = Debug|Any CPU
		Release|Any CPU = Release|Any CPU
	EndGlobalSection
	GlobalSection(ProjectConfigurationPlatforms) = postSolution
		{EEFC1D6A-4FCB-455F-8040-7DF3641A0044}.Debug|Any CPU.ActiveCfg = Debug|Any CPU
		{EEFC1D6A-4FCB-455F-8040-7DF3641A0044}.Debug|Any CPU.Build.0 = Debug|Any CPU
		{EEFC1D6A-4FCB-455F-8040-7DF3641A0044}.Release|Any CPU.ActiveCfg = Release|Any CPU
		{EEFC1D6A-4FCB-455F-8040-7DF3641A0044}.Release|Any CPU.Build.0 = Release|Any CPU
		{D01DCC0C-C9CC-4898-BEE4-CC826ED26D82}.Debug|Any CPU.ActiveCfg = Debug|Any CPU
		{D01DCC0C-C9CC-4898-BEE4-CC826ED26D82}.Debug|Any CPU.Build.0 = Debug|Any CPU
		{D01DCC0C-C9CC-4898-BEE4-CC826ED26D82}.Release|Any CPU.ActiveCfg = Release|Any CPU
		{D01DCC0C-C9CC-4898-BEE4-CC826ED26D82}.Release|Any CPU.Build.0 = Release|Any CPU
	EndGlobalSection
	GlobalSection(SolutionProperties) = preSolution
		HideSolutionNode = FALSE
	EndGlobalSection
	GlobalSection(ExtensibilityGlobals) = postSolution
		SolutionGuid = {11FA11D3-8FDB-45E4-B1EC-2CFA67C66CE0}
	EndGlobalSection
EndGlobal
